
Microsoft Visual Studio Solution File, Format Version 12.00
# Visual Studio Version 16
VisualStudioVersion = 16.0.31205.134
MinimumVisualStudioVersion = 10.0.40219.1
Project("{FAE04EC0-301F-11D3-BF4B-00C04F79EFBC}") = "CodingameProject", "CodingameProject\CodingameProject.csproj", "{0A5E0B4E-CF46-4A2C-A35A-AF2DF6F0911D}"
EndProject
Project("{FAE04EC0-301F-11D3-BF4B-00C04F79EFBC}") = "KGood", "KGood\KGood.csproj", "{E4FE1972-9B62-4449-9BEA-277336F61E49}"
EndProject
Project("{FAE04EC0-301F-11D3-BF4B-00C04F79EFBC}") = "BotAI.Miso", "BotAI\BotAI.Miso.csproj", "{CFBE68F4-39A2-4987-88BD-17C24D9C2262}"
EndProject
Project("{FAE04EC0-301F-11D3-BF4B-00C04F79EFBC}") = "FindFiles", "FindFiles\FindFiles.csproj", "{E209A8BF-28F8-49FA-B74A-3A9F27F64634}"
EndProject
Project("{FAE04EC0-301F-11D3-BF4B-00C04F79EFBC}") = "SWCraftProject", "SWCraftProject\SWCraftProject.csproj", "{FE1205F1-8B8A-4071-8815-024D148FE0CB}"
EndProject
Project("{FAE04EC0-301F-11D3-BF4B-00C04F79EFBC}") = "Pluralsight", "Pluralsight\Pluralsight.csproj", "{44543F25-BB9A-48BB-8383-124A8CB0C0E7}"
EndProject
Project("{2150E333-8FDC-42A3-9474-1A3956D46DE8}") = "LinkedIn", "LinkedIn", "{EC3D0345-7BDA-4102-AFFA-1C757F82671D}"
EndProject
Project("{FAE04EC0-301F-11D3-BF4B-00C04F79EFBC}") = "01-01-voting", "..\LinkedInCodeChallenges\01-01-voting\starter\01-01-voting.csproj", "{070B09AC-12E1-447F-9E5F-3ED6BBA6A125}"
EndProject
Global
	GlobalSection(SolutionConfigurationPlatforms) = preSolution
		Debug|Any CPU = Debug|Any CPU
		Debug|x64 = Debug|x64
		Release|Any CPU = Release|Any CPU
		Release|x64 = Release|x64
	EndGlobalSection
	GlobalSection(ProjectConfigurationPlatforms) = postSolution
		{0A5E0B4E-CF46-4A2C-A35A-AF2DF6F0911D}.Debug|Any CPU.ActiveCfg = Debug|Any CPU
		{0A5E0B4E-CF46-4A2C-A35A-AF2DF6F0911D}.Debug|Any CPU.Build.0 = Debug|Any CPU
		{0A5E0B4E-CF46-4A2C-A35A-AF2DF6F0911D}.Debug|x64.ActiveCfg = Debug|Any CPU
		{0A5E0B4E-CF46-4A2C-A35A-AF2DF6F0911D}.Debug|x64.Build.0 = Debug|Any CPU
		{0A5E0B4E-CF46-4A2C-A35A-AF2DF6F0911D}.Release|Any CPU.ActiveCfg = Release|Any CPU
		{0A5E0B4E-CF46-4A2C-A35A-AF2DF6F0911D}.Release|Any CPU.Build.0 = Release|Any CPU
		{0A5E0B4E-CF46-4A2C-A35A-AF2DF6F0911D}.Release|x64.ActiveCfg = Release|Any CPU
		{E4FE1972-9B62-4449-9BEA-277336F61E49}.Debug|Any CPU.ActiveCfg = Debug|Any CPU
		{E4FE1972-9B62-4449-9BEA-277336F61E49}.Debug|Any CPU.Build.0 = Debug|Any CPU
		{E4FE1972-9B62-4449-9BEA-277336F61E49}.Debug|x64.ActiveCfg = Debug|x64
		{E4FE1972-9B62-4449-9BEA-277336F61E49}.Debug|x64.Build.0 = Debug|x64
		{E4FE1972-9B62-4449-9BEA-277336F61E49}.Release|Any CPU.ActiveCfg = Release|Any CPU
		{E4FE1972-9B62-4449-9BEA-277336F61E49}.Release|Any CPU.Build.0 = Release|Any CPU
		{E4FE1972-9B62-4449-9BEA-277336F61E49}.Release|x64.ActiveCfg = Release|x64
		{E4FE1972-9B62-4449-9BEA-277336F61E49}.Release|x64.Build.0 = Release|x64
		{CFBE68F4-39A2-4987-88BD-17C24D9C2262}.Debug|Any CPU.ActiveCfg = Debug|Any CPU
		{CFBE68F4-39A2-4987-88BD-17C24D9C2262}.Debug|Any CPU.Build.0 = Debug|Any CPU
		{CFBE68F4-39A2-4987-88BD-17C24D9C2262}.Debug|x64.ActiveCfg = Debug|Any CPU
		{CFBE68F4-39A2-4987-88BD-17C24D9C2262}.Debug|x64.Build.0 = Debug|Any CPU
		{CFBE68F4-39A2-4987-88BD-17C24D9C2262}.Release|Any CPU.ActiveCfg = Release|Any CPU
		{CFBE68F4-39A2-4987-88BD-17C24D9C2262}.Release|Any CPU.Build.0 = Release|Any CPU
		{CFBE68F4-39A2-4987-88BD-17C24D9C2262}.Release|x64.ActiveCfg = Release|Any CPU
		{CFBE68F4-39A2-4987-88BD-17C24D9C2262}.Release|x64.Build.0 = Release|Any CPU
		{E209A8BF-28F8-49FA-B74A-3A9F27F64634}.Debug|Any CPU.ActiveCfg = Debug|Any CPU
		{E209A8BF-28F8-49FA-B74A-3A9F27F64634}.Debug|Any CPU.Build.0 = Debug|Any CPU
		{E209A8BF-28F8-49FA-B74A-3A9F27F64634}.Debug|x64.ActiveCfg = Debug|Any CPU
		{E209A8BF-28F8-49FA-B74A-3A9F27F64634}.Debug|x64.Build.0 = Debug|Any CPU
		{E209A8BF-28F8-49FA-B74A-3A9F27F64634}.Release|Any CPU.ActiveCfg = Release|Any CPU
		{E209A8BF-28F8-49FA-B74A-3A9F27F64634}.Release|Any CPU.Build.0 = Release|Any CPU
		{E209A8BF-28F8-49FA-B74A-3A9F27F64634}.Release|x64.ActiveCfg = Release|Any CPU
		{E209A8BF-28F8-49FA-B74A-3A9F27F64634}.Release|x64.Build.0 = Release|Any CPU
		{FE1205F1-8B8A-4071-8815-024D148FE0CB}.Debug|Any CPU.ActiveCfg = Debug|Any CPU
		{FE1205F1-8B8A-4071-8815-024D148FE0CB}.Debug|Any CPU.Build.0 = Debug|Any CPU
		{FE1205F1-8B8A-4071-8815-024D148FE0CB}.Debug|x64.ActiveCfg = Debug|x64
		{FE1205F1-8B8A-4071-8815-024D148FE0CB}.Debug|x64.Build.0 = Debug|x64
		{FE1205F1-8B8A-4071-8815-024D148FE0CB}.Release|Any CPU.ActiveCfg = Release|Any CPU
		{FE1205F1-8B8A-4071-8815-024D148FE0CB}.Release|Any CPU.Build.0 = Release|Any CPU
		{FE1205F1-8B8A-4071-8815-024D148FE0CB}.Release|x64.ActiveCfg = Release|x64
		{FE1205F1-8B8A-4071-8815-024D148FE0CB}.Release|x64.Build.0 = Release|x64
		{44543F25-BB9A-48BB-8383-124A8CB0C0E7}.Debug|Any CPU.ActiveCfg = Debug|Any CPU
		{44543F25-BB9A-48BB-8383-124A8CB0C0E7}.Debug|Any CPU.Build.0 = Debug|Any CPU
		{44543F25-BB9A-48BB-8383-124A8CB0C0E7}.Debug|x64.ActiveCfg = Debug|Any CPU
		{44543F25-BB9A-48BB-8383-124A8CB0C0E7}.Debug|x64.Build.0 = Debug|Any CPU
		{44543F25-BB9A-48BB-8383-124A8CB0C0E7}.Release|Any CPU.ActiveCfg = Release|Any CPU
		{44543F25-BB9A-48BB-8383-124A8CB0C0E7}.Release|Any CPU.Build.0 = Release|Any CPU
		{44543F25-BB9A-48BB-8383-124A8CB0C0E7}.Release|x64.ActiveCfg = Release|Any CPU
		{44543F25-BB9A-48BB-8383-124A8CB0C0E7}.Release|x64.Build.0 = Release|Any CPU
		{070B09AC-12E1-447F-9E5F-3ED6BBA6A125}.Debug|Any CPU.ActiveCfg = Debug|Any CPU
		{070B09AC-12E1-447F-9E5F-3ED6BBA6A125}.Debug|Any CPU.Build.0 = Debug|Any CPU
		{070B09AC-12E1-447F-9E5F-3ED6BBA6A125}.Debug|x64.ActiveCfg = Debug|Any CPU
		{070B09AC-12E1-447F-9E5F-3ED6BBA6A125}.Debug|x64.Build.0 = Debug|Any CPU
		{070B09AC-12E1-447F-9E5F-3ED6BBA6A125}.Release|Any CPU.ActiveCfg = Release|Any CPU
		{070B09AC-12E1-447F-9E5F-3ED6BBA6A125}.Release|Any CPU.Build.0 = Release|Any CPU
		{070B09AC-12E1-447F-9E5F-3ED6BBA6A125}.Release|x64.ActiveCfg = Release|Any CPU
		{070B09AC-12E1-447F-9E5F-3ED6BBA6A125}.Release|x64.Build.0 = Release|Any CPU
	EndGlobalSection
	GlobalSection(SolutionProperties) = preSolution
		HideSolutionNode = FALSE
	EndGlobalSection
	GlobalSection(NestedProjects) = preSolution
		{070B09AC-12E1-447F-9E5F-3ED6BBA6A125} = {EC3D0345-7BDA-4102-AFFA-1C757F82671D}
	EndGlobalSection
	GlobalSection(ExtensibilityGlobals) = postSolution
		SolutionGuid = {FC3C7467-54EF-4741-8548-77DF6123F23C}
	EndGlobalSection
EndGlobal
